// !$*UTF8*$!
{
	archiveVersion = 1;
	classes = {
	};
	objectVersion = 50;
	objects = {

/* Begin PBXBuildFile section */
		5226ECB825763CE700ACE114 /* ImageScannerDelegate.swift in Sources */ = {isa = PBXBuildFile; fileRef = 5226ECB725763CE700ACE114 /* ImageScannerDelegate.swift */; };
		52A8635625754DCB00B4FF5D /* AppDelegate.swift in Sources */ = {isa = PBXBuildFile; fileRef = 52A8635525754DCB00B4FF5D /* AppDelegate.swift */; };
		52A8635825754DCB00B4FF5D /* SceneDelegate.swift in Sources */ = {isa = PBXBuildFile; fileRef = 52A8635725754DCB00B4FF5D /* SceneDelegate.swift */; };
		52A8635A25754DCB00B4FF5D /* ViewController.swift in Sources */ = {isa = PBXBuildFile; fileRef = 52A8635925754DCB00B4FF5D /* ViewController.swift */; };
		52A8635D25754DCB00B4FF5D /* Main.storyboard in Resources */ = {isa = PBXBuildFile; fileRef = 52A8635B25754DCB00B4FF5D /* Main.storyboard */; };
		52A8635F25754DCC00B4FF5D /* Assets.xcassets in Resources */ = {isa = PBXBuildFile; fileRef = 52A8635E25754DCC00B4FF5D /* Assets.xcassets */; };
		52A8636225754DCC00B4FF5D /* LaunchScreen.storyboard in Resources */ = {isa = PBXBuildFile; fileRef = 52A8636025754DCC00B4FF5D /* LaunchScreen.storyboard */; };
		52A8636B25754DE800B4FF5D /* EditScanViewController.swift in Sources */ = {isa = PBXBuildFile; fileRef = 52A8636A25754DE800B4FF5D /* EditScanViewController.swift */; };
		52A8636E25754E4E00B4FF5D /* Quadrilateral.swift in Sources */ = {isa = PBXBuildFile; fileRef = 52A8636D25754E4E00B4FF5D /* Quadrilateral.swift */; };
		52A8637125754E9E00B4FF5D /* Transformable.swift in Sources */ = {isa = PBXBuildFile; fileRef = 52A8637025754E9E00B4FF5D /* Transformable.swift */; };
		52A8637825754F4400B4FF5D /* CGPoint+Utils.swift in Sources */ = {isa = PBXBuildFile; fileRef = 52A8637725754F4400B4FF5D /* CGPoint+Utils.swift */; };
		52A8637B25754F9100B4FF5D /* RectangleView.swift in Sources */ = {isa = PBXBuildFile; fileRef = 52A8637A25754F9100B4FF5D /* RectangleView.swift */; };
		52A8637E25754FC800B4FF5D /* EditScanCornerView.swift in Sources */ = {isa = PBXBuildFile; fileRef = 52A8637D25754FC800B4FF5D /* EditScanCornerView.swift */; };
		52A863812575501900B4FF5D /* CGAffineTransform+Utils.swift in Sources */ = {isa = PBXBuildFile; fileRef = 52A863802575501900B4FF5D /* CGAffineTransform+Utils.swift */; };
		52A86384257550CE00B4FF5D /* UIImage+Orientation.swift in Sources */ = {isa = PBXBuildFile; fileRef = 52A86383257550CE00B4FF5D /* UIImage+Orientation.swift */; };
		52A863872575541800B4FF5D /* ImageScannerController.swift in Sources */ = {isa = PBXBuildFile; fileRef = 52A863862575541800B4FF5D /* ImageScannerController.swift */; };
		52A8638A2575561600B4FF5D /* VisionRectangleDetector.swift in Sources */ = {isa = PBXBuildFile; fileRef = 52A863892575561600B4FF5D /* VisionRectangleDetector.swift */; };
		52A8638D2575565300B4FF5D /* Array+Utils.swift in Sources */ = {isa = PBXBuildFile; fileRef = 52A8638C2575565300B4FF5D /* Array+Utils.swift */; };
		52A863902575567F00B4FF5D /* RectangleDetector.swift in Sources */ = {isa = PBXBuildFile; fileRef = 52A8638F2575567F00B4FF5D /* RectangleDetector.swift */; };
		52A86393257556EA00B4FF5D /* UIImage+Utils.swift in Sources */ = {isa = PBXBuildFile; fileRef = 52A86392257556EA00B4FF5D /* UIImage+Utils.swift */; };
		52A863962575572800B4FF5D /* CGSize+Utils.swift in Sources */ = {isa = PBXBuildFile; fileRef = 52A863952575572800B4FF5D /* CGSize+Utils.swift */; };
		52A8639925755B2300B4FF5D /* ZoomGestureController.swift in Sources */ = {isa = PBXBuildFile; fileRef = 52A8639825755B2300B4FF5D /* ZoomGestureController.swift */; };
		52A8639C25755E3800B4FF5D /* CaptureSession.swift in Sources */ = {isa = PBXBuildFile; fileRef = 52A8639B25755E3800B4FF5D /* CaptureSession.swift */; };
		52A8639F25755E6300B4FF5D /* CaptureDevice.swift in Sources */ = {isa = PBXBuildFile; fileRef = 52A8639E25755E6300B4FF5D /* CaptureDevice.swift */; };
		52A863A225755EBE00B4FF5D /* CIImage+Utils.swift in Sources */ = {isa = PBXBuildFile; fileRef = 52A863A125755EBE00B4FF5D /* CIImage+Utils.swift */; };
		52A863A525755EFF00B4FF5D /* Error.swift in Sources */ = {isa = PBXBuildFile; fileRef = 52A863A425755EFF00B4FF5D /* Error.swift */; };
/* End PBXBuildFile section */

/* Begin PBXFileReference section */
		5226ECB725763CE700ACE114 /* ImageScannerDelegate.swift */ = {isa = PBXFileReference; lastKnownFileType = sourcecode.swift; path = ImageScannerDelegate.swift; sourceTree = "<group>"; };
		52A8635225754DCB00B4FF5D /* ScanEditor.app */ = {isa = PBXFileReference; explicitFileType = wrapper.application; includeInIndex = 0; path = ScanEditor.app; sourceTree = BUILT_PRODUCTS_DIR; };
		52A8635525754DCB00B4FF5D /* AppDelegate.swift */ = {isa = PBXFileReference; lastKnownFileType = sourcecode.swift; path = AppDelegate.swift; sourceTree = "<group>"; };
		52A8635725754DCB00B4FF5D /* SceneDelegate.swift */ = {isa = PBXFileReference; lastKnownFileType = sourcecode.swift; path = SceneDelegate.swift; sourceTree = "<group>"; };
		52A8635925754DCB00B4FF5D /* ViewController.swift */ = {isa = PBXFileReference; lastKnownFileType = sourcecode.swift; path = ViewController.swift; sourceTree = "<group>"; };
		52A8635C25754DCB00B4FF5D /* Base */ = {isa = PBXFileReference; lastKnownFileType = file.storyboard; name = Base; path = Base.lproj/Main.storyboard; sourceTree = "<group>"; };
		52A8635E25754DCC00B4FF5D /* Assets.xcassets */ = {isa = PBXFileReference; lastKnownFileType = folder.assetcatalog; path = Assets.xcassets; sourceTree = "<group>"; };
		52A8636125754DCC00B4FF5D /* Base */ = {isa = PBXFileReference; lastKnownFileType = file.storyboard; name = Base; path = Base.lproj/LaunchScreen.storyboard; sourceTree = "<group>"; };
		52A8636325754DCC00B4FF5D /* Info.plist */ = {isa = PBXFileReference; lastKnownFileType = text.plist.xml; path = Info.plist; sourceTree = "<group>"; };
		52A8636A25754DE800B4FF5D /* EditScanViewController.swift */ = {isa = PBXFileReference; fileEncoding = 4; lastKnownFileType = sourcecode.swift; path = EditScanViewController.swift; sourceTree = "<group>"; };
		52A8636D25754E4E00B4FF5D /* Quadrilateral.swift */ = {isa = PBXFileReference; lastKnownFileType = sourcecode.swift; path = Quadrilateral.swift; sourceTree = "<group>"; };
		52A8637025754E9E00B4FF5D /* Transformable.swift */ = {isa = PBXFileReference; lastKnownFileType = sourcecode.swift; path = Transformable.swift; sourceTree = "<group>"; };
		52A8637725754F4400B4FF5D /* CGPoint+Utils.swift */ = {isa = PBXFileReference; lastKnownFileType = sourcecode.swift; path = "CGPoint+Utils.swift"; sourceTree = "<group>"; };
		52A8637A25754F9100B4FF5D /* RectangleView.swift */ = {isa = PBXFileReference; lastKnownFileType = sourcecode.swift; path = RectangleView.swift; sourceTree = "<group>"; };
		52A8637D25754FC800B4FF5D /* EditScanCornerView.swift */ = {isa = PBXFileReference; lastKnownFileType = sourcecode.swift; path = EditScanCornerView.swift; sourceTree = "<group>"; };
		52A863802575501900B4FF5D /* CGAffineTransform+Utils.swift */ = {isa = PBXFileReference; lastKnownFileType = sourcecode.swift; path = "CGAffineTransform+Utils.swift"; sourceTree = "<group>"; };
		52A86383257550CE00B4FF5D /* UIImage+Orientation.swift */ = {isa = PBXFileReference; lastKnownFileType = sourcecode.swift; path = "UIImage+Orientation.swift"; sourceTree = "<group>"; };
		52A863862575541800B4FF5D /* ImageScannerController.swift */ = {isa = PBXFileReference; lastKnownFileType = sourcecode.swift; path = ImageScannerController.swift; sourceTree = "<group>"; };
		52A863892575561600B4FF5D /* VisionRectangleDetector.swift */ = {isa = PBXFileReference; lastKnownFileType = sourcecode.swift; path = VisionRectangleDetector.swift; sourceTree = "<group>"; };
		52A8638C2575565300B4FF5D /* Array+Utils.swift */ = {isa = PBXFileReference; lastKnownFileType = sourcecode.swift; path = "Array+Utils.swift"; sourceTree = "<group>"; };
		52A8638F2575567F00B4FF5D /* RectangleDetector.swift */ = {isa = PBXFileReference; lastKnownFileType = sourcecode.swift; path = RectangleDetector.swift; sourceTree = "<group>"; };
		52A86392257556EA00B4FF5D /* UIImage+Utils.swift */ = {isa = PBXFileReference; lastKnownFileType = sourcecode.swift; path = "UIImage+Utils.swift"; sourceTree = "<group>"; };
		52A863952575572800B4FF5D /* CGSize+Utils.swift */ = {isa = PBXFileReference; lastKnownFileType = sourcecode.swift; path = "CGSize+Utils.swift"; sourceTree = "<group>"; };
		52A8639825755B2300B4FF5D /* ZoomGestureController.swift */ = {isa = PBXFileReference; lastKnownFileType = sourcecode.swift; path = ZoomGestureController.swift; sourceTree = "<group>"; };
		52A8639B25755E3800B4FF5D /* CaptureSession.swift */ = {isa = PBXFileReference; lastKnownFileType = sourcecode.swift; path = CaptureSession.swift; sourceTree = "<group>"; };
		52A8639E25755E6300B4FF5D /* CaptureDevice.swift */ = {isa = PBXFileReference; lastKnownFileType = sourcecode.swift; path = CaptureDevice.swift; sourceTree = "<group>"; };
		52A863A125755EBE00B4FF5D /* CIImage+Utils.swift */ = {isa = PBXFileReference; lastKnownFileType = sourcecode.swift; path = "CIImage+Utils.swift"; sourceTree = "<group>"; };
		52A863A425755EFF00B4FF5D /* Error.swift */ = {isa = PBXFileReference; lastKnownFileType = sourcecode.swift; path = Error.swift; sourceTree = "<group>"; };
/* End PBXFileReference section */

/* Begin PBXFrameworksBuildPhase section */
		52A8634F25754DCB00B4FF5D /* Frameworks */ = {
			isa = PBXFrameworksBuildPhase;
			buildActionMask = 2147483647;
			files = (
			);
			runOnlyForDeploymentPostprocessing = 0;
		};
/* End PBXFrameworksBuildPhase section */

/* Begin PBXGroup section */
		5226ECAD25762DEF00ACE114 /* Environment */ = {
			isa = PBXGroup;
			children = (
				52A8635525754DCB00B4FF5D /* AppDelegate.swift */,
				52A8635725754DCB00B4FF5D /* SceneDelegate.swift */,
				52A8635B25754DCB00B4FF5D /* Main.storyboard */,
				52A8635E25754DCC00B4FF5D /* Assets.xcassets */,
				52A8636025754DCC00B4FF5D /* LaunchScreen.storyboard */,
				52A8636325754DCC00B4FF5D /* Info.plist */,
			);
			path = Environment;
			sourceTree = "<group>";
		};
		5226ECB025762F0A00ACE114 /* Extensions */ = {
			isa = PBXGroup;
			children = (
				52A86392257556EA00B4FF5D /* UIImage+Utils.swift */,
				52A863952575572800B4FF5D /* CGSize+Utils.swift */,
				52A863A125755EBE00B4FF5D /* CIImage+Utils.swift */,
				52A8637725754F4400B4FF5D /* CGPoint+Utils.swift */,
				52A8638C2575565300B4FF5D /* Array+Utils.swift */,
				52A863802575501900B4FF5D /* CGAffineTransform+Utils.swift */,
				52A86383257550CE00B4FF5D /* UIImage+Orientation.swift */,
			);
			path = Extensions;
			sourceTree = "<group>";
		};
		5226ECB125762F1100ACE114 /* Views */ = {
			isa = PBXGroup;
			children = (
				52A8635925754DCB00B4FF5D /* ViewController.swift */,
				52A863862575541800B4FF5D /* ImageScannerController.swift */,
				52A8636A25754DE800B4FF5D /* EditScanViewController.swift */,
				52A8639825755B2300B4FF5D /* ZoomGestureController.swift */,
			);
			path = Views;
			sourceTree = "<group>";
		};
		5226ECB225762F9F00ACE114 /* Common */ = {
			isa = PBXGroup;
			children = (
				52A8638F2575567F00B4FF5D /* RectangleDetector.swift */,
				52A863892575561600B4FF5D /* VisionRectangleDetector.swift */,
				52A863A425755EFF00B4FF5D /* Error.swift */,
				52A8636D25754E4E00B4FF5D /* Quadrilateral.swift */,
				52A8637A25754F9100B4FF5D /* RectangleView.swift */,
				52A8637D25754FC800B4FF5D /* EditScanCornerView.swift */,
				52A8639B25755E3800B4FF5D /* CaptureSession.swift */,
			);
			path = Common;
			sourceTree = "<group>";
		};
		5226ECB325762FD500ACE114 /* Protocols */ = {
			isa = PBXGroup;
			children = (
				52A8639E25755E6300B4FF5D /* CaptureDevice.swift */,
				52A8637025754E9E00B4FF5D /* Transformable.swift */,
				5226ECB725763CE700ACE114 /* ImageScannerDelegate.swift */,
			);
			path = Protocols;
			sourceTree = "<group>";
		};
		52A8634925754DCB00B4FF5D = {
			isa = PBXGroup;
			children = (
				52A8635425754DCB00B4FF5D /* ScanEditor */,
				52A8635325754DCB00B4FF5D /* Products */,
			);
			sourceTree = "<group>";
		};
		52A8635325754DCB00B4FF5D /* Products */ = {
			isa = PBXGroup;
			children = (
				52A8635225754DCB00B4FF5D /* ScanEditor.app */,
			);
			name = Products;
			sourceTree = "<group>";
		};
		52A8635425754DCB00B4FF5D /* ScanEditor */ = {
			isa = PBXGroup;
			children = (
				5226ECB325762FD500ACE114 /* Protocols */,
				5226ECB225762F9F00ACE114 /* Common */,
				5226ECB125762F1100ACE114 /* Views */,
				5226ECB025762F0A00ACE114 /* Extensions */,
				5226ECAD25762DEF00ACE114 /* Environment */,
			);
			path = ScanEditor;
			sourceTree = "<group>";
		};
/* End PBXGroup section */

/* Begin PBXNativeTarget section */
		52A8635125754DCB00B4FF5D /* ScanEditor */ = {
			isa = PBXNativeTarget;
			buildConfigurationList = 52A8636625754DCC00B4FF5D /* Build configuration list for PBXNativeTarget "ScanEditor" */;
			buildPhases = (
				52A8634E25754DCB00B4FF5D /* Sources */,
				52A8634F25754DCB00B4FF5D /* Frameworks */,
				52A8635025754DCB00B4FF5D /* Resources */,
			);
			buildRules = (
			);
			dependencies = (
			);
			name = ScanEditor;
			productName = ScanEditor;
			productReference = 52A8635225754DCB00B4FF5D /* ScanEditor.app */;
			productType = "com.apple.product-type.application";
		};
/* End PBXNativeTarget section */

/* Begin PBXProject section */
		52A8634A25754DCB00B4FF5D /* Project object */ = {
			isa = PBXProject;
			attributes = {
				LastSwiftUpdateCheck = 1200;
				LastUpgradeCheck = 1200;
				TargetAttributes = {
					52A8635125754DCB00B4FF5D = {
						CreatedOnToolsVersion = 12.0;
					};
				};
			};
			buildConfigurationList = 52A8634D25754DCB00B4FF5D /* Build configuration list for PBXProject "ScanEditor" */;
			compatibilityVersion = "Xcode 9.3";
			developmentRegion = en;
			hasScannedForEncodings = 0;
			knownRegions = (
				en,
				Base,
			);
			mainGroup = 52A8634925754DCB00B4FF5D;
			productRefGroup = 52A8635325754DCB00B4FF5D /* Products */;
			projectDirPath = "";
			projectRoot = "";
			targets = (
				52A8635125754DCB00B4FF5D /* ScanEditor */,
			);
		};
/* End PBXProject section */

/* Begin PBXResourcesBuildPhase section */
		52A8635025754DCB00B4FF5D /* Resources */ = {
			isa = PBXResourcesBuildPhase;
			buildActionMask = 2147483647;
			files = (
				52A8636225754DCC00B4FF5D /* LaunchScreen.storyboard in Resources */,
				52A8635F25754DCC00B4FF5D /* Assets.xcassets in Resources */,
				52A8635D25754DCB00B4FF5D /* Main.storyboard in Resources */,
			);
			runOnlyForDeploymentPostprocessing = 0;
		};
/* End PBXResourcesBuildPhase section */

/* Begin PBXSourcesBuildPhase section */
		52A8634E25754DCB00B4FF5D /* Sources */ = {
			isa = PBXSourcesBuildPhase;
			buildActionMask = 2147483647;
			files = (
				52A863872575541800B4FF5D /* ImageScannerController.swift in Sources */,
				52A8635A25754DCB00B4FF5D /* ViewController.swift in Sources */,
				52A863A225755EBE00B4FF5D /* CIImage+Utils.swift in Sources */,
				52A8639F25755E6300B4FF5D /* CaptureDevice.swift in Sources */,
				52A8639C25755E3800B4FF5D /* CaptureSession.swift in Sources */,
				52A8636B25754DE800B4FF5D /* EditScanViewController.swift in Sources */,
				52A863962575572800B4FF5D /* CGSize+Utils.swift in Sources */,
				52A863902575567F00B4FF5D /* RectangleDetector.swift in Sources */,
				52A8635625754DCB00B4FF5D /* AppDelegate.swift in Sources */,
				52A8635825754DCB00B4FF5D /* SceneDelegate.swift in Sources */,
				52A8638D2575565300B4FF5D /* Array+Utils.swift in Sources */,
				52A8637125754E9E00B4FF5D /* Transformable.swift in Sources */,
				52A863812575501900B4FF5D /* CGAffineTransform+Utils.swift in Sources */,
				52A8637E25754FC800B4FF5D /* EditScanCornerView.swift in Sources */,
				52A863A525755EFF00B4FF5D /* Error.swift in Sources */,
				52A8637825754F4400B4FF5D /* CGPoint+Utils.swift in Sources */,
				52A86393257556EA00B4FF5D /* UIImage+Utils.swift in Sources */,
				5226ECB825763CE700ACE114 /* ImageScannerDelegate.swift in Sources */,
				52A8637B25754F9100B4FF5D /* RectangleView.swift in Sources */,
				52A8638A2575561600B4FF5D /* VisionRectangleDetector.swift in Sources */,
				52A8636E25754E4E00B4FF5D /* Quadrilateral.swift in Sources */,
				52A8639925755B2300B4FF5D /* ZoomGestureController.swift in Sources */,
				52A86384257550CE00B4FF5D /* UIImage+Orientation.swift in Sources */,
			);
			runOnlyForDeploymentPostprocessing = 0;
		};
/* End PBXSourcesBuildPhase section */

/* Begin PBXVariantGroup section */
		52A8635B25754DCB00B4FF5D /* Main.storyboard */ = {
			isa = PBXVariantGroup;
			children = (
				52A8635C25754DCB00B4FF5D /* Base */,
			);
			name = Main.storyboard;
			sourceTree = "<group>";
		};
		52A8636025754DCC00B4FF5D /* LaunchScreen.storyboard */ = {
			isa = PBXVariantGroup;
			children = (
				52A8636125754DCC00B4FF5D /* Base */,
			);
			name = LaunchScreen.storyboard;
			sourceTree = "<group>";
		};
/* End PBXVariantGroup section */

/* Begin XCBuildConfiguration section */
		52A8636425754DCC00B4FF5D /* Debug */ = {
			isa = XCBuildConfiguration;
			buildSettings = {
				ALWAYS_SEARCH_USER_PATHS = NO;
				CLANG_ANALYZER_NONNULL = YES;
				CLANG_ANALYZER_NUMBER_OBJECT_CONVERSION = YES_AGGRESSIVE;
				CLANG_CXX_LANGUAGE_STANDARD = "gnu++14";
				CLANG_CXX_LIBRARY = "libc++";
				CLANG_ENABLE_MODULES = YES;
				CLANG_ENABLE_OBJC_ARC = YES;
				CLANG_ENABLE_OBJC_WEAK = YES;
				CLANG_WARN_BLOCK_CAPTURE_AUTORELEASING = YES;
				CLANG_WARN_BOOL_CONVERSION = YES;
				CLANG_WARN_COMMA = YES;
				CLANG_WARN_CONSTANT_CONVERSION = YES;
				CLANG_WARN_DEPRECATED_OBJC_IMPLEMENTATIONS = YES;
				CLANG_WARN_DIRECT_OBJC_ISA_USAGE = YES_ERROR;
				CLANG_WARN_DOCUMENTATION_COMMENTS = YES;
				CLANG_WARN_EMPTY_BODY = YES;
				CLANG_WARN_ENUM_CONVERSION = YES;
				CLANG_WARN_INFINITE_RECURSION = YES;
				CLANG_WARN_INT_CONVERSION = YES;
				CLANG_WARN_NON_LITERAL_NULL_CONVERSION = YES;
				CLANG_WARN_OBJC_IMPLICIT_RETAIN_SELF = YES;
				CLANG_WARN_OBJC_LITERAL_CONVERSION = YES;
				CLANG_WARN_OBJC_ROOT_CLASS = YES_ERROR;
				CLANG_WARN_QUOTED_INCLUDE_IN_FRAMEWORK_HEADER = YES;
				CLANG_WARN_RANGE_LOOP_ANALYSIS = YES;
				CLANG_WARN_STRICT_PROTOTYPES = YES;
				CLANG_WARN_SUSPICIOUS_MOVE = YES;
				CLANG_WARN_UNGUARDED_AVAILABILITY = YES_AGGRESSIVE;
				CLANG_WARN_UNREACHABLE_CODE = YES;
				CLANG_WARN__DUPLICATE_METHOD_MATCH = YES;
				COPY_PHASE_STRIP = NO;
				DEBUG_INFORMATION_FORMAT = dwarf;
				ENABLE_STRICT_OBJC_MSGSEND = YES;
				ENABLE_TESTABILITY = YES;
				GCC_C_LANGUAGE_STANDARD = gnu11;
				GCC_DYNAMIC_NO_PIC = NO;
				GCC_NO_COMMON_BLOCKS = YES;
				GCC_OPTIMIZATION_LEVEL = 0;
				GCC_PREPROCESSOR_DEFINITIONS = (
					"DEBUG=1",
					"$(inherited)",
				);
				GCC_WARN_64_TO_32_BIT_CONVERSION = YES;
				GCC_WARN_ABOUT_RETURN_TYPE = YES_ERROR;
				GCC_WARN_UNDECLARED_SELECTOR = YES;
				GCC_WARN_UNINITIALIZED_AUTOS = YES_AGGRESSIVE;
				GCC_WARN_UNUSED_FUNCTION = YES;
				GCC_WARN_UNUSED_VARIABLE = YES;
				IPHONEOS_DEPLOYMENT_TARGET = 14.0;
				MTL_ENABLE_DEBUG_INFO = INCLUDE_SOURCE;
				MTL_FAST_MATH = YES;
				ONLY_ACTIVE_ARCH = YES;
				SDKROOT = iphoneos;
				SWIFT_ACTIVE_COMPILATION_CONDITIONS = DEBUG;
				SWIFT_OPTIMIZATION_LEVEL = "-Onone";
			};
			name = Debug;
		};
		52A8636525754DCC00B4FF5D /* Release */ = {
			isa = XCBuildConfiguration;
			buildSettings = {
				ALWAYS_SEARCH_USER_PATHS = NO;
				CLANG_ANALYZER_NONNULL = YES;
				CLANG_ANALYZER_NUMBER_OBJECT_CONVERSION = YES_AGGRESSIVE;
				CLANG_CXX_LANGUAGE_STANDARD = "gnu++14";
				CLANG_CXX_LIBRARY = "libc++";
				CLANG_ENABLE_MODULES = YES;
				CLANG_ENABLE_OBJC_ARC = YES;
				CLANG_ENABLE_OBJC_WEAK = YES;
				CLANG_WARN_BLOCK_CAPTURE_AUTORELEASING = YES;
				CLANG_WARN_BOOL_CONVERSION = YES;
				CLANG_WARN_COMMA = YES;
				CLANG_WARN_CONSTANT_CONVERSION = YES;
				CLANG_WARN_DEPRECATED_OBJC_IMPLEMENTATIONS = YES;
				CLANG_WARN_DIRECT_OBJC_ISA_USAGE = YES_ERROR;
				CLANG_WARN_DOCUMENTATION_COMMENTS = YES;
				CLANG_WARN_EMPTY_BODY = YES;
				CLANG_WARN_ENUM_CONVERSION = YES;
				CLANG_WARN_INFINITE_RECURSION = YES;
				CLANG_WARN_INT_CONVERSION = YES;
				CLANG_WARN_NON_LITERAL_NULL_CONVERSION = YES;
				CLANG_WARN_OBJC_IMPLICIT_RETAIN_SELF = YES;
				CLANG_WARN_OBJC_LITERAL_CONVERSION = YES;
				CLANG_WARN_OBJC_ROOT_CLASS = YES_ERROR;
				CLANG_WARN_QUOTED_INCLUDE_IN_FRAMEWORK_HEADER = YES;
				CLANG_WARN_RANGE_LOOP_ANALYSIS = YES;
				CLANG_WARN_STRICT_PROTOTYPES = YES;
				CLANG_WARN_SUSPICIOUS_MOVE = YES;
				CLANG_WARN_UNGUARDED_AVAILABILITY = YES_AGGRESSIVE;
				CLANG_WARN_UNREACHABLE_CODE = YES;
				CLANG_WARN__DUPLICATE_METHOD_MATCH = YES;
				COPY_PHASE_STRIP = NO;
				DEBUG_INFORMATION_FORMAT = "dwarf-with-dsym";
				ENABLE_NS_ASSERTIONS = NO;
				ENABLE_STRICT_OBJC_MSGSEND = YES;
				GCC_C_LANGUAGE_STANDARD = gnu11;
				GCC_NO_COMMON_BLOCKS = YES;
				GCC_WARN_64_TO_32_BIT_CONVERSION = YES;
				GCC_WARN_ABOUT_RETURN_TYPE = YES_ERROR;
				GCC_WARN_UNDECLARED_SELECTOR = YES;
				GCC_WARN_UNINITIALIZED_AUTOS = YES_AGGRESSIVE;
				GCC_WARN_UNUSED_FUNCTION = YES;
				GCC_WARN_UNUSED_VARIABLE = YES;
				IPHONEOS_DEPLOYMENT_TARGET = 14.0;
				MTL_ENABLE_DEBUG_INFO = NO;
				MTL_FAST_MATH = YES;
				SDKROOT = iphoneos;
				SWIFT_COMPILATION_MODE = wholemodule;
				SWIFT_OPTIMIZATION_LEVEL = "-O";
				VALIDATE_PRODUCT = YES;
			};
			name = Release;
		};
		52A8636725754DCC00B4FF5D /* Debug */ = {
			isa = XCBuildConfiguration;
			buildSettings = {
				ASSETCATALOG_COMPILER_APPICON_NAME = AppIcon;
				ASSETCATALOG_COMPILER_GLOBAL_ACCENT_COLOR_NAME = AccentColor;
				CODE_SIGN_STYLE = Automatic;
				DEVELOPMENT_TEAM = 3PTYV272Z4;
				INFOPLIST_FILE = ScanEditor/Environment/Info.plist;
				LD_RUNPATH_SEARCH_PATHS = (
					"$(inherited)",
					"@executable_path/Frameworks",
				);
				PRODUCT_BUNDLE_IDENTIFIER = ua.com.kr.ssh.ScanEditor;
				PRODUCT_NAME = "$(TARGET_NAME)";
				SWIFT_VERSION = 5.0;
				TARGETED_DEVICE_FAMILY = "1,2";
			};
			name = Debug;
		};
		52A8636825754DCC00B4FF5D /* Release */ = {
			isa = XCBuildConfiguration;
			buildSettings = {
				ASSETCATALOG_COMPILER_APPICON_NAME = AppIcon;
				ASSETCATALOG_COMPILER_GLOBAL_ACCENT_COLOR_NAME = AccentColor;
				CODE_SIGN_STYLE = Automatic;
				DEVELOPMENT_TEAM = 3PTYV272Z4;
				INFOPLIST_FILE = ScanEditor/Environment/Info.plist;
				LD_RUNPATH_SEARCH_PATHS = (
					"$(inherited)",
					"@executable_path/Frameworks",
				);
				PRODUCT_BUNDLE_IDENTIFIER = ua.com.kr.ssh.ScanEditor;
				PRODUCT_NAME = "$(TARGET_NAME)";
				SWIFT_VERSION = 5.0;
				TARGETED_DEVICE_FAMILY = "1,2";
			};
			name = Release;
		};
/* End XCBuildConfiguration section */

/* Begin XCConfigurationList section */
		52A8634D25754DCB00B4FF5D /* Build configuration list for PBXProject "ScanEditor" */ = {
			isa = XCConfigurationList;
			buildConfigurations = (
				52A8636425754DCC00B4FF5D /* Debug */,
				52A8636525754DCC00B4FF5D /* Release */,
			);
			defaultConfigurationIsVisible = 0;
			defaultConfigurationName = Release;
		};
		52A8636625754DCC00B4FF5D /* Build configuration list for PBXNativeTarget "ScanEditor" */ = {
			isa = XCConfigurationList;
			buildConfigurations = (
				52A8636725754DCC00B4FF5D /* Debug */,
				52A8636825754DCC00B4FF5D /* Release */,
			);
			defaultConfigurationIsVisible = 0;
			defaultConfigurationName = Release;
		};
/* End XCConfigurationList section */
	};
	rootObject = 52A8634A25754DCB00B4FF5D /* Project object */;
}
